{
  "name": "str-diff",
  "version": "0.0.0",
  "lockfileVersion": 3,
  "requires": true,
  "packages": {
    "": {
      "name": "str-diff",
      "version": "0.0.0",
      "dependencies": {
        "vue": "^3.3.4"
      },
      "devDependencies": {
        "@vitejs/plugin-vue": "^4.2.3",
        "typescript": "^5.0.2",
        "vite": "^4.4.5",
        "vue-tsc": "^1.8.5"
      }
    },
    "node_modules/@babel/parser": {
      "version": "7.22.10",
      "resolved": "https://pkgs.d.xiaomi.net:443/artifactory/api/npm/mi-npm/@babel/parser/-/parser-7.22.10.tgz",
      "integrity": "sha1-43Y0+aEqFxYTbERiTvVCg8q9P1U=",
      "license": "MIT",
      "bin": {
        "parser": "bin/babel-parser.js"
      },
      "engines": {
        "node": ">=6.0.0"
      }
    },
    "node_modules/@esbuild/android-arm": {
      "version": "0.18.19",
      "resolved": "https://pkgs.d.xiaomi.net:443/artifactory/api/npm/mi-npm/@esbuild/android-arm/-/android-arm-0.18.19.tgz",
      "integrity": "sha1-79HzNYOok8DMV/JbHQga+M3Gv9k=",
      "cpu": [
        "arm"
      ],
      "dev": true,
      "license": "MIT",
      "optional": true,
      "os": [
        "android"
      ],
      "engines": {
        "node": ">=12"
      }
    },
    "node_modules/@esbuild/android-arm64": {
      "version": "0.18.19",
      "resolved": "https://pkgs.d.xiaomi.net:443/artifactory/api/npm/mi-npm/@esbuild/android-arm64/-/android-arm64-0.18.19.tgz",
      "integrity": "sha1-hzW1UrjgualDRg03+8l2udnNS04=",
      "cpu": [
        "arm64"
      ],
      "dev": true,
      "license": "MIT",
      "optional": true,
      "os": [
        "android"
      ],
      "engines": {
        "node": ">=12"
      }
    },
    "node_modules/@esbuild/android-x64": {
      "version": "0.18.19",
      "resolved": "https://pkgs.d.xiaomi.net:443/artifactory/api/npm/mi-npm/@esbuild/android-x64/-/android-x64-0.18.19.tgz",
      "integrity": "sha1-2fNXInAal6LvaceoTx7irvKjBqc=",
      "cpu": [
        "x64"
      ],
      "dev": true,
      "license": "MIT",
      "optional": true,
      "os": [
        "android"
      ],
      "engines": {
        "node": ">=12"
      }
    },
    "node_modules/@esbuild/darwin-arm64": {
      "version": "0.18.19",
      "resolved": "https://pkgs.d.xiaomi.net:443/artifactory/api/npm/mi-npm/@esbuild/darwin-arm64/-/darwin-arm64-0.18.19.tgz",
      "integrity": "sha1-jLgblx7lIxrMfeByJfbhhWLDWeQ=",
      "cpu": [
        "arm64"
      ],
      "dev": true,
      "license": "MIT",
      "optional": true,
      "os": [
        "darwin"
      ],
      "engines": {
        "node": ">=12"
      }
    },
    "node_modules/@esbuild/darwin-x64": {
      "version": "0.18.19",
      "resolved": "https://pkgs.d.xiaomi.net:443/artifactory/api/npm/mi-npm/@esbuild/darwin-x64/-/darwin-x64-0.18.19.tgz",
      "integrity": "sha1-gQJKtkIy3TI/A3ltRJ8Bi1nwTKk=",
      "cpu": [
        "x64"
      ],
      "dev": true,
      "license": "MIT",
      "optional": true,
      "os": [
        "darwin"
      ],
      "engines": {
        "node": ">=12"
      }
    },
    "node_modules/@esbuild/freebsd-arm64": {
      "version": "0.18.19",
      "resolved": "https://pkgs.d.xiaomi.net:443/artifactory/api/npm/mi-npm/@esbuild/freebsd-arm64/-/freebsd-arm64-0.18.19.tgz",
      "integrity": "sha1-n6keOwjRDArfpxs3Nyp2J7JuloY=",
      "cpu": [
        "arm64"
      ],
      "dev": true,
      "license": "MIT",
      "optional": true,
      "os": [
        "freebsd"
      ],
      "engines": {
        "node": ">=12"
      }
    },
    "node_modules/@esbuild/freebsd-x64": {
      "version": "0.18.19",
      "resolved": "https://pkgs.d.xiaomi.net:443/artifactory/api/npm/mi-npm/@esbuild/freebsd-x64/-/freebsd-x64-0.18.19.tgz",
      "integrity": "sha1-729ahcG7Ap+wB22lsiPlCzU+YVw=",
      "cpu": [
        "x64"
      ],
      "dev": true,
      "license": "MIT",
      "optional": true,
      "os": [
        "freebsd"
      ],
      "engines": {
        "node": ">=12"
      }
    },
    "node_modules/@esbuild/linux-arm": {
      "version": "0.18.19",
      "resolved": "https://pkgs.d.xiaomi.net:443/artifactory/api/npm/mi-npm/@esbuild/linux-arm/-/linux-arm-0.18.19.tgz",
      "integrity": "sha1-OeqHTI5Rd7g5A77BiDpD88FjYno=",
      "cpu": [
        "arm"
      ],
      "dev": true,
      "license": "MIT",
      "optional": true,
      "os": [
        "linux"
      ],
      "engines": {
        "node": ">=12"
      }
    },
    "node_modules/@esbuild/linux-arm64": {
      "version": "0.18.19",
      "resolved": "https://pkgs.d.xiaomi.net:443/artifactory/api/npm/mi-npm/@esbuild/linux-arm64/-/linux-arm64-0.18.19.tgz",
      "integrity": "sha1-DO+RPc3B77G7BEBqjl9WaLch2J4=",
      "cpu": [
        "arm64"
      ],
      "dev": true,
      "license": "MIT",
      "optional": true,
      "os": [
        "linux"
      ],
      "engines": {
        "node": ">=12"
      }
    },
    "node_modules/@esbuild/linux-ia32": {
      "version": "0.18.19",
      "resolved": "https://pkgs.d.xiaomi.net:443/artifactory/api/npm/mi-npm/@esbuild/linux-ia32/-/linux-ia32-0.18.19.tgz",
      "integrity": "sha1-KDzTw9g4Do+rkFg/qGyh/Mm57Fc=",
      "cpu": [
        "ia32"
      ],
      "dev": true,
      "license": "MIT",
      "optional": true,
      "os": [
        "linux"
      ],
      "engines": {
        "node": ">=12"
      }
    },
    "node_modules/@esbuild/linux-loong64": {
      "version": "0.18.19",
      "resolved": "https://pkgs.d.xiaomi.net:443/artifactory/api/npm/mi-npm/@esbuild/linux-loong64/-/linux-loong64-0.18.19.tgz",
      "integrity": "sha1-HGnXkopVsmMmOY0x0qycgtIpfxs=",
      "cpu": [
        "loong64"
      ],
      "dev": true,
      "license": "MIT",
      "optional": true,
      "os": [
        "linux"
      ],
      "engines": {
        "node": ">=12"
      }
    },
    "node_modules/@esbuild/linux-mips64el": {
      "version": "0.18.19",
      "resolved": "https://pkgs.d.xiaomi.net:443/artifactory/api/npm/mi-npm/@esbuild/linux-mips64el/-/linux-mips64el-0.18.19.tgz",
      "integrity": "sha1-sls1LnZFiF+h0BGCEWxQanj+RzM=",
      "cpu": [
        "mips64el"
      ],
      "dev": true,
      "license": "MIT",
      "optional": true,
      "os": [
        "linux"
      ],
      "engines": {
        "node": ">=12"
      }
    },
    "node_modules/@esbuild/linux-ppc64": {
      "version": "0.18.19",
      "resolved": "https://pkgs.d.xiaomi.net:443/artifactory/api/npm/mi-npm/@esbuild/linux-ppc64/-/linux-ppc64-0.18.19.tgz",
      "integrity": "sha1-VotaBR9Hr3MsQxTml7tVmhSz2BE=",
      "cpu": [
        "ppc64"
      ],
      "dev": true,
      "license": "MIT",
      "optional": true,
      "os": [
        "linux"
      ],
      "engines": {
        "node": ">=12"
      }
    },
    "node_modules/@esbuild/linux-riscv64": {
      "version": "0.18.19",
      "resolved": "https://pkgs.d.xiaomi.net:443/artifactory/api/npm/mi-npm/@esbuild/linux-riscv64/-/linux-riscv64-0.18.19.tgz",
      "integrity": "sha1-AgcptHymMyFmcpfRYQurgc0Iplw=",
      "cpu": [
        "riscv64"
      ],
      "dev": true,
      "license": "MIT",
      "optional": true,
      "os": [
        "linux"
      ],
      "engines": {
        "node": ">=12"
      }
    },
    "node_modules/@esbuild/linux-s390x": {
      "version": "0.18.19",
      "resolved": "https://pkgs.d.xiaomi.net:443/artifactory/api/npm/mi-npm/@esbuild/linux-s390x/-/linux-s390x-0.18.19.tgz",
      "integrity": "sha1-7VzKjawTDS9zaRT5761foVwjjCA=",
      "cpu": [
        "s390x"
      ],
      "dev": true,
      "license": "MIT",
      "optional": true,
      "os": [
        "linux"
      ],
      "engines": {
        "node": ">=12"
      }
    },
    "node_modules/@esbuild/linux-x64": {
      "version": "0.18.19",
      "resolved": "https://pkgs.d.xiaomi.net:443/artifactory/api/npm/mi-npm/@esbuild/linux-x64/-/linux-x64-0.18.19.tgz",
      "integrity": "sha1-+AI6OK4CtGxgoTTMvHrjd7O+xm8=",
      "cpu": [
        "x64"
      ],
      "dev": true,
      "license": "MIT",
      "optional": true,
      "os": [
        "linux"
      ],
      "engines": {
        "node": ">=12"
      }
    },
    "node_modules/@esbuild/netbsd-x64": {
      "version": "0.18.19",
      "resolved": "https://pkgs.d.xiaomi.net:443/artifactory/api/npm/mi-npm/@esbuild/netbsd-x64/-/netbsd-x64-0.18.19.tgz",
      "integrity": "sha1-j9ZnxTXbCls0avotdP8ftTR3Qn8=",
      "cpu": [
        "x64"
      ],
      "dev": true,
      "license": "MIT",
      "optional": true,
      "os": [
        "netbsd"
      ],
      "engines": {
        "node": ">=12"
      }
    },
    "node_modules/@esbuild/openbsd-x64": {
      "version": "0.18.19",
      "resolved": "https://pkgs.d.xiaomi.net:443/artifactory/api/npm/mi-npm/@esbuild/openbsd-x64/-/openbsd-x64-0.18.19.tgz",
      "integrity": "sha1-NU1bVKa/+jgctRPoeIgBkuBwBL4=",
      "cpu": [
        "x64"
      ],
      "dev": true,
      "license": "MIT",
      "optional": true,
      "os": [
        "openbsd"
      ],
      "engines": {
        "node": ">=12"
      }
    },
    "node_modules/@esbuild/sunos-x64": {
      "version": "0.18.19",
      "resolved": "https://pkgs.d.xiaomi.net:443/artifactory/api/npm/mi-npm/@esbuild/sunos-x64/-/sunos-x64-0.18.19.tgz",
      "integrity": "sha1-4t6YvZYeBPdvas9ZcCY+/HBR3vU=",
      "cpu": [
        "x64"
      ],
      "dev": true,
      "license": "MIT",
      "optional": true,
      "os": [
        "sunos"
      ],
      "engines": {
        "node": ">=12"
      }
    },
    "node_modules/@esbuild/win32-arm64": {
      "version": "0.18.19",
      "resolved": "https://pkgs.d.xiaomi.net:443/artifactory/api/npm/mi-npm/@esbuild/win32-arm64/-/win32-arm64-0.18.19.tgz",
      "integrity": "sha1-ncpV8Ny721C/NjU9ERT19xwmknU=",
      "cpu": [
        "arm64"
      ],
      "dev": true,
      "license": "MIT",
      "optional": true,
      "os": [
        "win32"
      ],
      "engines": {
        "node": ">=12"
      }
    },
    "node_modules/@esbuild/win32-ia32": {
      "version": "0.18.19",
      "resolved": "https://pkgs.d.xiaomi.net:443/artifactory/api/npm/mi-npm/@esbuild/win32-ia32/-/win32-ia32-0.18.19.tgz",
      "integrity": "sha1-226kRn6H5tP8IXfeo16B8m96Bh0=",
      "cpu": [
        "ia32"
      ],
      "dev": true,
      "license": "MIT",
      "optional": true,
      "os": [
        "win32"
      ],
      "engines": {
        "node": ">=12"
      }
    },
    "node_modules/@esbuild/win32-x64": {
      "version": "0.18.19",
      "resolved": "https://pkgs.d.xiaomi.net:443/artifactory/api/npm/mi-npm/@esbuild/win32-x64/-/win32-x64-0.18.19.tgz",
      "integrity": "sha1-YQV1XXCX4NfiL4k8PmLxQ9gTe9A=",
      "cpu": [
        "x64"
      ],
      "dev": true,
      "license": "MIT",
      "optional": true,
      "os": [
        "win32"
      ],
      "engines": {
        "node": ">=12"
      }
    },
    "node_modules/@jridgewell/sourcemap-codec": {
      "version": "1.4.15",
      "resolved": "https://pkgs.d.xiaomi.net:443/artifactory/api/npm/mi-npm/@jridgewell/sourcemap-codec/-/sourcemap-codec-1.4.15.tgz",
      "integrity": "sha1-18bmdVx4VnqVHgSrUu8P0m3lnzI=",
      "license": "MIT"
    },
    "node_modules/@vitejs/plugin-vue": {
      "version": "4.2.3",
      "resolved": "https://pkgs.d.xiaomi.net:443/artifactory/api/npm/mi-npm/@vitejs/plugin-vue/-/plugin-vue-4.2.3.tgz",
      "integrity": "sha1-7gtt/MYv5lNk5jlb84+iuhC7RLY=",
      "dev": true,
      "license": "MIT",
      "engines": {
        "node": "^14.18.0 || >=16.0.0"
      },
      "peerDependencies": {
        "vite": "^4.0.0",
        "vue": "^3.2.25"
      }
    },
    "node_modules/@volar/language-core": {
      "version": "1.10.0",
      "resolved": "https://pkgs.d.xiaomi.net:443/artifactory/api/npm/mi-npm/@volar/language-core/-/language-core-1.10.0.tgz",
      "integrity": "sha1-+2s60i51xToa5NZExKeItH1BG50=",
      "dev": true,
      "license": "MIT",
      "dependencies": {
        "@volar/source-map": "1.10.0"
      }
    },
    "node_modules/@volar/source-map": {
      "version": "1.10.0",
      "resolved": "https://pkgs.d.xiaomi.net:443/artifactory/api/npm/mi-npm/@volar/source-map/-/source-map-1.10.0.tgz",
      "integrity": "sha1-JBPrGQzmn8GjgvWFJKP4IwZmgCQ=",
      "dev": true,
      "license": "MIT",
      "dependencies": {
        "muggle-string": "^0.3.1"
      }
    },
    "node_modules/@volar/typescript": {
      "version": "1.10.0",
      "resolved": "https://pkgs.d.xiaomi.net:443/artifactory/api/npm/mi-npm/@volar/typescript/-/typescript-1.10.0.tgz",
      "integrity": "sha1-OxbPfEwYAurAI7pOV/5SvbbTAW8=",
      "dev": true,
      "license": "MIT",
      "dependencies": {
        "@volar/language-core": "1.10.0"
      }
    },
    "node_modules/@vue/compiler-core": {
      "version": "3.3.4",
      "resolved": "https://pkgs.d.xiaomi.net:443/artifactory/api/npm/mi-npm/@vue/compiler-core/-/compiler-core-3.3.4.tgz",
      "integrity": "sha1-f79ZHBwZ4azSj/0oRSbpi09YESg=",
      "license": "MIT",
      "dependencies": {
        "@babel/parser": "^7.21.3",
        "@vue/shared": "3.3.4",
        "estree-walker": "^2.0.2",
        "source-map-js": "^1.0.2"
      }
    },
    "node_modules/@vue/compiler-dom": {
      "version": "3.3.4",
      "resolved": "https://pkgs.d.xiaomi.net:443/artifactory/api/npm/mi-npm/@vue/compiler-dom/-/compiler-dom-3.3.4.tgz",
      "integrity": "sha1-9W4JtfTX3DUPmBeE3pcT2CM0EVE=",
      "license": "MIT",
      "dependencies": {
        "@vue/compiler-core": "3.3.4",
        "@vue/shared": "3.3.4"
      }
    },
    "node_modules/@vue/compiler-sfc": {
      "version": "3.3.4",
      "resolved": "https://pkgs.d.xiaomi.net:443/artifactory/api/npm/mi-npm/@vue/compiler-sfc/-/compiler-sfc-3.3.4.tgz",
      "integrity": "sha1-sZ2ULHGTiJNTW0YibWAnIFkwAd8=",
      "license": "MIT",
      "dependencies": {
        "@babel/parser": "^7.20.15",
        "@vue/compiler-core": "3.3.4",
        "@vue/compiler-dom": "3.3.4",
        "@vue/compiler-ssr": "3.3.4",
        "@vue/reactivity-transform": "3.3.4",
        "@vue/shared": "3.3.4",
        "estree-walker": "^2.0.2",
        "magic-string": "^0.30.0",
        "postcss": "^8.1.10",
        "source-map-js": "^1.0.2"
      }
    },
    "node_modules/@vue/compiler-ssr": {
      "version": "3.3.4",
      "resolved": "https://pkgs.d.xiaomi.net:443/artifactory/api/npm/mi-npm/@vue/compiler-ssr/-/compiler-ssr-3.3.4.tgz",
      "integrity": "sha1-nRN5q/+k8rDNhEF0zuxKlyETh3c=",
      "license": "MIT",
      "dependencies": {
        "@vue/compiler-dom": "3.3.4",
        "@vue/shared": "3.3.4"
      }
    },
    "node_modules/@vue/language-core": {
      "version": "1.8.8",
      "resolved": "https://pkgs.d.xiaomi.net:443/artifactory/api/npm/mi-npm/@vue/language-core/-/language-core-1.8.8.tgz",
      "integrity": "sha1-WoqoNj9N+s3814CKmSZ0TXwxCuY=",
      "dev": true,
      "license": "MIT",
      "dependencies": {
        "@volar/language-core": "~1.10.0",
        "@volar/source-map": "~1.10.0",
        "@vue/compiler-dom": "^3.3.0",
        "@vue/reactivity": "^3.3.0",
        "@vue/shared": "^3.3.0",
        "minimatch": "^9.0.0",
        "muggle-string": "^0.3.1",
        "vue-template-compiler": "^2.7.14"
      },
      "peerDependencies": {
        "typescript": "*"
      },
      "peerDependenciesMeta": {
        "typescript": {
          "optional": true
        }
      }
    },
    "node_modules/@vue/reactivity": {
      "version": "3.3.4",
      "resolved": "https://pkgs.d.xiaomi.net:443/artifactory/api/npm/mi-npm/@vue/reactivity/-/reactivity-3.3.4.tgz",
      "integrity": "sha1-onopxs0X+rpaDpn7uG7pUWU+IlM=",
      "license": "MIT",
      "dependencies": {
        "@vue/shared": "3.3.4"
      }
    },
    "node_modules/@vue/reactivity-transform": {
      "version": "3.3.4",
      "resolved": "https://pkgs.d.xiaomi.net:443/artifactory/api/npm/mi-npm/@vue/reactivity-transform/-/reactivity-transform-3.3.4.tgz",
      "integrity": "sha1-UpCEduNNamXGwhzSci1B7YrlGSk=",
      "license": "MIT",
      "dependencies": {
        "@babel/parser": "^7.20.15",
        "@vue/compiler-core": "3.3.4",
        "@vue/shared": "3.3.4",
        "estree-walker": "^2.0.2",
        "magic-string": "^0.30.0"
      }
    },
    "node_modules/@vue/runtime-core": {
      "version": "3.3.4",
      "resolved": "https://pkgs.d.xiaomi.net:443/artifactory/api/npm/mi-npm/@vue/runtime-core/-/runtime-core-3.3.4.tgz",
      "integrity": "sha1-S7M4cru1g3IbNA8wiIiDlBlZZ9E=",
      "license": "MIT",
      "dependencies": {
        "@vue/reactivity": "3.3.4",
        "@vue/shared": "3.3.4"
      }
    },
    "node_modules/@vue/runtime-dom": {
      "version": "3.3.4",
      "resolved": "https://pkgs.d.xiaomi.net:443/artifactory/api/npm/mi-npm/@vue/runtime-dom/-/runtime-dom-3.3.4.tgz",
      "integrity": "sha1-mS8ledDtbOlh9Hu+m/5LZ5ElFWY=",
      "license": "MIT",
      "dependencies": {
        "@vue/runtime-core": "3.3.4",
        "@vue/shared": "3.3.4",
        "csstype": "^3.1.1"
      }
    },
    "node_modules/@vue/server-renderer": {
      "version": "3.3.4",
      "resolved": "https://pkgs.d.xiaomi.net:443/artifactory/api/npm/mi-npm/@vue/server-renderer/-/server-renderer-3.3.4.tgz",
      "integrity": "sha1-6kZZS3ldFTbym8WS3Q9mVffqTEw=",
      "license": "MIT",
      "dependencies": {
        "@vue/compiler-ssr": "3.3.4",
        "@vue/shared": "3.3.4"
      },
      "peerDependencies": {
        "vue": "3.3.4"
      }
    },
    "node_modules/@vue/shared": {
      "version": "3.3.4",
      "resolved": "https://pkgs.d.xiaomi.net:443/artifactory/api/npm/mi-npm/@vue/shared/-/shared-3.3.4.tgz",
      "integrity": "sha1-Bug8UCf0ZO74YcMpvoFFS8i3B4A=",
      "license": "MIT"
    },
    "node_modules/@vue/typescript": {
      "version": "1.8.8",
      "resolved": "https://pkgs.d.xiaomi.net:443/artifactory/api/npm/mi-npm/@vue/typescript/-/typescript-1.8.8.tgz",
      "integrity": "sha1-jvs3XUSIYhNEkqBE9Olq+tpUdQA=",
      "dev": true,
      "license": "MIT",
      "dependencies": {
        "@volar/typescript": "~1.10.0",
        "@vue/language-core": "1.8.8"
      }
    },
    "node_modules/balanced-match": {
      "version": "1.0.2",
      "resolved": "https://pkgs.d.xiaomi.net:443/artifactory/api/npm/mi-npm/balanced-match/-/balanced-match-1.0.2.tgz",
      "integrity": "sha1-6D46fj8wCzTLnYf2FfoMvzV2kO4=",
      "dev": true,
      "license": "MIT"
    },
    "node_modules/brace-expansion": {
      "version": "2.0.1",
      "resolved": "https://pkgs.d.xiaomi.net:443/artifactory/api/npm/mi-npm/brace-expansion/-/brace-expansion-2.0.1.tgz",
      "integrity": "sha1-HtxFng8MVISG7Pn8mfIiE2S5oK4=",
      "dev": true,
      "license": "MIT",
      "dependencies": {
        "balanced-match": "^1.0.0"
      }
    },
    "node_modules/csstype": {
      "version": "3.1.2",
      "resolved": "https://pkgs.d.xiaomi.net:443/artifactory/api/npm/mi-npm/csstype/-/csstype-3.1.2.tgz",
      "integrity": "sha1-HUv51XLxHBQDHwQ24cELwfVx9Qs=",
      "license": "MIT"
    },
    "node_modules/de-indent": {
      "version": "1.0.2",
      "resolved": "https://pkgs.d.xiaomi.net:443/artifactory/api/npm/mi-npm/de-indent/-/de-indent-1.0.2.tgz",
      "integrity": "sha1-sgOOhG3DO6pXlhKNCAS0VbjB4h0=",
      "dev": true,
      "license": "MIT"
    },
    "node_modules/esbuild": {
      "version": "0.18.19",
      "resolved": "https://pkgs.d.xiaomi.net:443/artifactory/api/npm/mi-npm/esbuild/-/esbuild-0.18.19.tgz",
      "integrity": "sha1-x2PM/VC3sTItEyMs2R8r02/95Ws=",
      "dev": true,
      "hasInstallScript": true,
      "license": "MIT",
      "bin": {
        "esbuild": "bin/esbuild"
      },
      "engines": {
        "node": ">=12"
      },
      "optionalDependencies": {
        "@esbuild/android-arm": "0.18.19",
        "@esbuild/android-arm64": "0.18.19",
        "@esbuild/android-x64": "0.18.19",
        "@esbuild/darwin-arm64": "0.18.19",
        "@esbuild/darwin-x64": "0.18.19",
        "@esbuild/freebsd-arm64": "0.18.19",
        "@esbuild/freebsd-x64": "0.18.19",
        "@esbuild/linux-arm": "0.18.19",
        "@esbuild/linux-arm64": "0.18.19",
        "@esbuild/linux-ia32": "0.18.19",
        "@esbuild/linux-loong64": "0.18.19",
        "@esbuild/linux-mips64el": "0.18.19",
        "@esbuild/linux-ppc64": "0.18.19",
        "@esbuild/linux-riscv64": "0.18.19",
        "@esbuild/linux-s390x": "0.18.19",
        "@esbuild/linux-x64": "0.18.19",
        "@esbuild/netbsd-x64": "0.18.19",
        "@esbuild/openbsd-x64": "0.18.19",
        "@esbuild/sunos-x64": "0.18.19",
        "@esbuild/win32-arm64": "0.18.19",
        "@esbuild/win32-ia32": "0.18.19",
        "@esbuild/win32-x64": "0.18.19"
      }
    },
    "node_modules/estree-walker": {
      "version": "2.0.2",
      "resolved": "https://pkgs.d.xiaomi.net:443/artifactory/api/npm/mi-npm/estree-walker/-/estree-walker-2.0.2.tgz",
      "integrity": "sha1-UvAQF4wqTBF6d1fP6UKtt9LaTKw=",
      "license": "MIT"
    },
    "node_modules/fsevents": {
      "version": "2.3.2",
      "resolved": "https://pkgs.d.xiaomi.net:443/artifactory/api/npm/mi-npm/fsevents/-/fsevents-2.3.2.tgz",
      "integrity": "sha1-ilJveLj99GI7cJ4Ll1xSwkwC/Ro=",
      "dev": true,
      "hasInstallScript": true,
      "license": "MIT",
      "optional": true,
      "os": [
        "darwin"
      ],
      "engines": {
        "node": "^8.16.0 || ^10.6.0 || >=11.0.0"
      }
    },
    "node_modules/he": {
      "version": "1.2.0",
      "resolved": "https://pkgs.d.xiaomi.net:443/artifactory/api/npm/mi-npm/he/-/he-1.2.0.tgz",
      "integrity": "sha1-hK5l+n6vsWX922FWauFLrwVmTw8=",
      "dev": true,
      "license": "MIT",
      "bin": {
        "he": "bin/he"
      }
    },
    "node_modules/lru-cache": {
      "version": "6.0.0",
      "resolved": "https://pkgs.d.xiaomi.net:443/artifactory/api/npm/mi-npm/lru-cache/-/lru-cache-6.0.0.tgz",
      "integrity": "sha1-bW/mVw69lqr5D8rR2vo7JWbbOpQ=",
      "dev": true,
      "license": "ISC",
      "dependencies": {
        "yallist": "^4.0.0"
      },
      "engines": {
        "node": ">=10"
      }
    },
    "node_modules/magic-string": {
      "version": "0.30.2",
      "resolved": "https://pkgs.d.xiaomi.net:443/artifactory/api/npm/mi-npm/magic-string/-/magic-string-0.30.2.tgz",
      "integrity": "sha1-3PBKrT0NExS8dD0HbFD+sps8eso=",
      "license": "MIT",
      "dependencies": {
        "@jridgewell/sourcemap-codec": "^1.4.15"
      },
      "engines": {
        "node": ">=12"
      }
    },
    "node_modules/minimatch": {
      "version": "9.0.3",
      "resolved": "https://pkgs.d.xiaomi.net:443/artifactory/api/npm/mi-npm/minimatch/-/minimatch-9.0.3.tgz",
      "integrity": "sha1-puAMPeRMOlQr+q5wq/wiQgptqCU=",
      "dev": true,
      "license": "ISC",
      "dependencies": {
        "brace-expansion": "^2.0.1"
      },
      "engines": {
        "node": ">=16 || 14 >=14.17"
      },
      "funding": {
        "url": "https://github.com/sponsors/isaacs"
      }
    },
    "node_modules/muggle-string": {
      "version": "0.3.1",
      "resolved": "https://pkgs.d.xiaomi.net:443/artifactory/api/npm/mi-npm/muggle-string/-/muggle-string-0.3.1.tgz",
      "integrity": "sha1-5SQxLrFyjGPdCyrEnjKC5u2Fljo=",
      "dev": true,
      "license": "MIT"
    },
    "node_modules/nanoid": {
      "version": "3.3.6",
      "resolved": "https://pkgs.d.xiaomi.net:443/artifactory/api/npm/mi-npm/nanoid/-/nanoid-3.3.6.tgz",
      "integrity": "sha1-RDOAyFbW6fmCQmfZYLQjatWD6kw=",
      "funding": [
        {
          "type": "github",
          "url": "https://github.com/sponsors/ai"
        }
      ],
      "license": "MIT",
      "bin": {
        "nanoid": "bin/nanoid.cjs"
      },
      "engines": {
        "node": "^10 || ^12 || ^13.7 || ^14 || >=15.0.1"
      }
    },
    "node_modules/picocolors": {
      "version": "1.0.0",
      "resolved": "https://pkgs.d.xiaomi.net:443/artifactory/api/npm/mi-npm/picocolors/-/picocolors-1.0.0.tgz",
      "integrity": "sha1-y1vcdP8/UYkiNur3nWi8RFZKuBw=",
      "license": "ISC"
    },
    "node_modules/postcss": {
      "version": "8.4.27",
      "resolved": "https://pkgs.d.xiaomi.net:443/artifactory/api/npm/mi-npm/postcss/-/postcss-8.4.27.tgz",
      "integrity": "sha1-I01+S3LjS6WpLCljZzQ0ng2cMFc=",
      "funding": [
        {
          "type": "opencollective",
          "url": "https://opencollective.com/postcss/"
        },
        {
          "type": "tidelift",
          "url": "https://tidelift.com/funding/github/npm/postcss"
        },
        {
          "type": "github",
          "url": "https://github.com/sponsors/ai"
        }
      ],
      "license": "MIT",
      "dependencies": {
        "nanoid": "^3.3.6",
        "picocolors": "^1.0.0",
        "source-map-js": "^1.0.2"
      },
      "engines": {
        "node": "^10 || ^12 || >=14"
      }
    },
    "node_modules/rollup": {
      "version": "3.27.2",
      "resolved": "https://pkgs.d.xiaomi.net:443/artifactory/api/npm/mi-npm/rollup/-/rollup-3.27.2.tgz",
      "integrity": "sha1-Wa3Jc1BECCib6J5ZeOk4zoUslSA=",
      "dev": true,
      "license": "MIT",
      "bin": {
        "rollup": "dist/bin/rollup"
      },
      "engines": {
        "node": ">=14.18.0",
        "npm": ">=8.0.0"
      },
      "optionalDependencies": {
        "fsevents": "~2.3.2"
      }
    },
    "node_modules/semver": {
      "version": "7.5.4",
      "resolved": "https://pkgs.d.xiaomi.net:443/artifactory/api/npm/mi-npm/semver/-/semver-7.5.4.tgz",
      "integrity": "sha1-SDmG7E7TjhxsSMNIlKkYLb/2im4=",
      "dev": true,
      "license": "ISC",
      "dependencies": {
        "lru-cache": "^6.0.0"
      },
      "bin": {
        "semver": "bin/semver.js"
      },
      "engines": {
        "node": ">=10"
      }
    },
    "node_modules/source-map-js": {
      "version": "1.0.2",
      "resolved": "https://pkgs.d.xiaomi.net:443/artifactory/api/npm/mi-npm/source-map-js/-/source-map-js-1.0.2.tgz",
      "integrity": "sha1-rbw2HZxi3zgBJefxYfccgm8eSQw=",
      "license": "BSD-3-Clause",
      "engines": {
        "node": ">=0.10.0"
      }
    },
    "node_modules/typescript": {
      "version": "5.1.6",
      "resolved": "https://pkgs.d.xiaomi.net:443/artifactory/api/npm/mi-npm/typescript/-/typescript-5.1.6.tgz",
      "integrity": "sha1-AvisICttrSwN1eCRN0W0ejeZgnQ=",
      "dev": true,
      "license": "Apache-2.0",
      "bin": {
        "tsc": "bin/tsc",
        "tsserver": "bin/tsserver"
      },
      "engines": {
        "node": ">=14.17"
      }
    },
    "node_modules/vite": {
      "version": "4.4.9",
      "resolved": "https://pkgs.d.xiaomi.net:443/artifactory/api/npm/mi-npm/vite/-/vite-4.4.9.tgz",
      "integrity": "sha1-FAJCPxovjWb9jRXjURJ8cjbSnT0=",
      "dev": true,
      "license": "MIT",
      "dependencies": {
        "esbuild": "^0.18.10",
        "postcss": "^8.4.27",
        "rollup": "^3.27.1"
      },
      "bin": {
        "vite": "bin/vite.js"
      },
      "engines": {
        "node": "^14.18.0 || >=16.0.0"
      },
      "funding": {
        "url": "https://github.com/vitejs/vite?sponsor=1"
      },
      "optionalDependencies": {
        "fsevents": "~2.3.2"
      },
      "peerDependencies": {
        "@types/node": ">= 14",
        "less": "*",
        "lightningcss": "^1.21.0",
        "sass": "*",
        "stylus": "*",
        "sugarss": "*",
        "terser": "^5.4.0"
      },
      "peerDependenciesMeta": {
        "@types/node": {
          "optional": true
        },
        "less": {
          "optional": true
        },
        "lightningcss": {
          "optional": true
        },
        "sass": {
          "optional": true
        },
        "stylus": {
          "optional": true
        },
        "sugarss": {
          "optional": true
        },
        "terser": {
          "optional": true
        }
      }
    },
    "node_modules/vue": {
      "version": "3.3.4",
      "resolved": "https://pkgs.d.xiaomi.net:443/artifactory/api/npm/mi-npm/vue/-/vue-3.3.4.tgz",
      "integrity": "sha1-jtlF04c2Z98dD887JGOtoCj4i9Y=",
      "license": "MIT",
      "dependencies": {
        "@vue/compiler-dom": "3.3.4",
        "@vue/compiler-sfc": "3.3.4",
        "@vue/runtime-dom": "3.3.4",
        "@vue/server-renderer": "3.3.4",
        "@vue/shared": "3.3.4"
      }
    },
    "node_modules/vue-template-compiler": {
      "version": "2.7.14",
      "resolved": "https://pkgs.d.xiaomi.net:443/artifactory/api/npm/mi-npm/vue-template-compiler/-/vue-template-compiler-2.7.14.tgz",
      "integrity": "sha1-RUW337iAkHRMFXeuWsP5ZOYWNLE=",
      "dev": true,
      "license": "MIT",
      "dependencies": {
        "de-indent": "^1.0.2",
        "he": "^1.2.0"
      }
    },
    "node_modules/vue-tsc": {
      "version": "1.8.8",
      "resolved": "https://pkgs.d.xiaomi.net:443/artifactory/api/npm/mi-npm/vue-tsc/-/vue-tsc-1.8.8.tgz",
      "integrity": "sha1-ZzF2k+su9nR+iebYNO620t64hx0=",
      "dev": true,
      "license": "MIT",
      "dependencies": {
        "@vue/language-core": "1.8.8",
        "@vue/typescript": "1.8.8",
        "semver": "^7.3.8"
      },
      "bin": {
        "vue-tsc": "bin/vue-tsc.js"
      },
      "peerDependencies": {
        "typescript": "*"
      }
    },
    "node_modules/yallist": {
      "version": "4.0.0",
      "resolved": "https://pkgs.d.xiaomi.net:443/artifactory/api/npm/mi-npm/yallist/-/yallist-4.0.0.tgz",
      "integrity": "sha1-m7knkNnA7/7GO+c1GeEaNQGaOnI=",
      "dev": true,
      "license": "ISC"
    }
  }
}
